
Microsoft Visual Studio Solution File, Format Version 12.00
# Visual Studio Version 16
VisualStudioVersion = 16.0.31624.102
MinimumVisualStudioVersion = 10.0.40219.1
Project("{FAE04EC0-301F-11D3-BF4B-00C04F79EFBC}") = "jreyez1730ex1b", "jreyez1730ex1b\jreyez1730ex1b.csproj", "{3C66057E-B730-4A47-9DEE-FC973C112E63}"
EndProject
Project("{FAE04EC0-301F-11D3-BF4B-00C04F79EFBC}") = "jreyez1c1", "..\jreyez1c1\jreyez1c1.csproj", "{33A4030A-442C-41F0-B9AD-C5B78159D031}"
EndProject
Project("{FAE04EC0-301F-11D3-BF4B-00C04F79EFBC}") = "jreyez1d1", "jreyez1d1\jreyez1d1.csproj", "{3FD03857-DE83-4A99-AED1-1BDAB38D3DDF}"
EndProject
Project("{FAE04EC0-301F-11D3-BF4B-00C04F79EFBC}") = "jreyezEx1E", "jreyezEx1E\jreyezEx1E.csproj", "{1A58EED1-13C5-4BF9-8440-D694586BC5E7}"
EndProject
Project("{FAE04EC0-301F-11D3-BF4B-00C04F79EFBC}") = "jreyez1f1", "jreyez1f1\jreyez1f1.csproj", "{834674D6-E94C-4457-AB73-8383501D95CA}"
EndProject
Project("{FAE04EC0-301F-11D3-BF4B-00C04F79EFBC}") = "Jreyez2a1", "Jreyez2a1\Jreyez2a1.csproj", "{52D1AF38-25CA-438E-B3BD-669DD8289DDB}"
EndProject
Project("{FAE04EC0-301F-11D3-BF4B-00C04F79EFBC}") = "VariableSamp", "VariableSamp\VariableSamp.csproj", "{3D40B3AA-455A-4E1C-A7D1-0F1DE7EB4E99}"
EndProject
Project("{FAE04EC0-301F-11D3-BF4B-00C04F79EFBC}") = "jreyez2b1", "jreyez2b1\jreyez2b1.csproj", "{E7194B68-1516-47A3-B6EA-C8924CD0866F}"
EndProject
Project("{FAE04EC0-301F-11D3-BF4B-00C04F79EFBC}") = "jreyez2d1", "jreyez2d1\jreyez2d1.csproj", "{6BE5DBF7-E27D-401D-ABFA-987D125CF2A6}"
EndProject
Project("{FAE04EC0-301F-11D3-BF4B-00C04F79EFBC}") = "Jreyez2e1", "Jreyez2e1\Jreyez2e1.csproj", "{42167FBD-270F-4600-872D-B3AEFB6F0F40}"
EndProject
Project("{FAE04EC0-301F-11D3-BF4B-00C04F79EFBC}") = "jreyez2e1UnitTest", "jreyez2e1UnitTests\jreyez2e1UnitTest.csproj", "{E1B81365-CE42-47CD-820E-37EF4675A964}"
EndProject
Project("{FAE04EC0-301F-11D3-BF4B-00C04F79EFBC}") = "jreyez2f1", "jreyez2f1\jreyez2f1.csproj", "{F3D32CC5-46EC-44F6-AD79-2E8C47A12264}"
EndProject
Project("{FAE04EC0-301F-11D3-BF4B-00C04F79EFBC}") = "jreyez2fUnitTests", "jreyez2fUnitTests\jreyez2fUnitTests.csproj", "{43C4E0EC-E6C9-4CF3-9E30-4B44BE9F9ADC}"
EndProject
Project("{FAE04EC0-301F-11D3-BF4B-00C04F79EFBC}") = "jreyez2g1", "jreyez2g1\jreyez2g1.csproj", "{ECF91D7B-049F-4F34-9C8F-09E490A94C0E}"
EndProject
Project("{FAE04EC0-301F-11D3-BF4B-00C04F79EFBC}") = "jreyezEx2gUnitTests", "jreyezEx2gUnitTests\jreyezEx2gUnitTests.csproj", "{4C6F91BA-C7DE-4A49-BCB6-5240776E3124}"
EndProject
Project("{FAE04EC0-301F-11D3-BF4B-00C04F79EFBC}") = "jreyez2h1", "jreyez2hh1\jreyez2h1.csproj", "{D1F30B01-5ABD-4707-B39C-6141106167BF}"
EndProject
Project("{FAE04EC0-301F-11D3-BF4B-00C04F79EFBC}") = "jreyez2h1.Tests", "jreyez2hh1.Tests\jreyez2h1.Tests.csproj", "{B7E84C8E-319B-4702-BFB3-620CB99D90FB}"
EndProject
Project("{FAE04EC0-301F-11D3-BF4B-00C04F79EFBC}") = "StringMethodsSamp", "StringMethodsSamp\StringMethodsSamp.csproj", "{3CC842F7-AC40-4F3E-8565-313A81982D49}"
EndProject
Project("{FAE04EC0-301F-11D3-BF4B-00C04F79EFBC}") = "jreyez3a", "jreyez3a\jreyez3a.csproj", "{D6A5BDF7-2CA8-4E72-A005-D60DDEA12FE5}"
EndProject
Project("{FAE04EC0-301F-11D3-BF4B-00C04F79EFBC}") = "jreyez3aUnitTests", "jreyez3aUnitTests\jreyez3aUnitTests.csproj", "{F9B1A9C6-9821-4FEF-8CA1-8715A842A263}"
EndProject
Project("{2150E333-8FDC-42A3-9474-1A3956D46DE8}") = "Solution Items", "Solution Items", "{4B2BF2E4-EB39-46D5-B12C-E38DAF976CC7}"
	ProjectSection(SolutionItems) = preProject
		.editorconfig = .editorconfig
	EndProjectSection
EndProject
Project("{FAE04EC0-301F-11D3-BF4B-00C04F79EFBC}") = "jreyez3b1", "jreyez3b1\jreyez3b1.csproj", "{87EDF1AF-6833-4BC5-AA54-4A2D2C2125B4}"
EndProject
Project("{FAE04EC0-301F-11D3-BF4B-00C04F79EFBC}") = "jreyez3bUnitTests", "jreyez3bUnitTests\jreyez3bUnitTests.csproj", "{EE119351-81FE-476B-909F-6024FF411EB1}"
EndProject
Project("{FAE04EC0-301F-11D3-BF4B-00C04F79EFBC}") = "jreyez3c", "jreyez3c\jreyez3c.csproj", "{6BDEA0DC-A808-4E97-9CE7-8ADB907D9111}"
EndProject
Project("{FAE04EC0-301F-11D3-BF4B-00C04F79EFBC}") = "jreyez3cUnitTests", "jreyez3cUnitTests\jreyez3cUnitTests.csproj", "{2CD840BB-61DF-4AAC-88CA-9ADE3889721B}"
EndProject
Global
	GlobalSection(SolutionConfigurationPlatforms) = preSolution
		Debug|Any CPU = Debug|Any CPU
		Debug|x64 = Debug|x64
		Release|Any CPU = Release|Any CPU
		Release|x64 = Release|x64
	EndGlobalSection
	GlobalSection(ProjectConfigurationPlatforms) = postSolution
		{3C66057E-B730-4A47-9DEE-FC973C112E63}.Debug|Any CPU.ActiveCfg = Debug|Any CPU
		{3C66057E-B730-4A47-9DEE-FC973C112E63}.Debug|Any CPU.Build.0 = Debug|Any CPU
		{3C66057E-B730-4A47-9DEE-FC973C112E63}.Debug|x64.ActiveCfg = Debug|Any CPU
		{3C66057E-B730-4A47-9DEE-FC973C112E63}.Debug|x64.Build.0 = Debug|Any CPU
		{3C66057E-B730-4A47-9DEE-FC973C112E63}.Release|Any CPU.ActiveCfg = Release|Any CPU
		{3C66057E-B730-4A47-9DEE-FC973C112E63}.Release|Any CPU.Build.0 = Release|Any CPU
		{3C66057E-B730-4A47-9DEE-FC973C112E63}.Release|x64.ActiveCfg = Release|Any CPU
		{3C66057E-B730-4A47-9DEE-FC973C112E63}.Release|x64.Build.0 = Release|Any CPU
		{33A4030A-442C-41F0-B9AD-C5B78159D031}.Debug|Any CPU.ActiveCfg = Debug|Any CPU
		{33A4030A-442C-41F0-B9AD-C5B78159D031}.Debug|Any CPU.Build.0 = Debug|Any CPU
		{33A4030A-442C-41F0-B9AD-C5B78159D031}.Debug|x64.ActiveCfg = Debug|Any CPU
		{33A4030A-442C-41F0-B9AD-C5B78159D031}.Debug|x64.Build.0 = Debug|Any CPU
		{33A4030A-442C-41F0-B9AD-C5B78159D031}.Release|Any CPU.ActiveCfg = Release|Any CPU
		{33A4030A-442C-41F0-B9AD-C5B78159D031}.Release|Any CPU.Build.0 = Release|Any CPU
		{33A4030A-442C-41F0-B9AD-C5B78159D031}.Release|x64.ActiveCfg = Release|Any CPU
		{33A4030A-442C-41F0-B9AD-C5B78159D031}.Release|x64.Build.0 = Release|Any CPU
		{3FD03857-DE83-4A99-AED1-1BDAB38D3DDF}.Debug|Any CPU.ActiveCfg = Debug|Any CPU
		{3FD03857-DE83-4A99-AED1-1BDAB38D3DDF}.Debug|Any CPU.Build.0 = Debug|Any CPU
		{3FD03857-DE83-4A99-AED1-1BDAB38D3DDF}.Debug|x64.ActiveCfg = Debug|Any CPU
		{3FD03857-DE83-4A99-AED1-1BDAB38D3DDF}.Debug|x64.Build.0 = Debug|Any CPU
		{3FD03857-DE83-4A99-AED1-1BDAB38D3DDF}.Release|Any CPU.ActiveCfg = Release|Any CPU
		{3FD03857-DE83-4A99-AED1-1BDAB38D3DDF}.Release|Any CPU.Build.0 = Release|Any CPU
		{3FD03857-DE83-4A99-AED1-1BDAB38D3DDF}.Release|x64.ActiveCfg = Release|Any CPU
		{3FD03857-DE83-4A99-AED1-1BDAB38D3DDF}.Release|x64.Build.0 = Release|Any CPU
		{1A58EED1-13C5-4BF9-8440-D694586BC5E7}.Debug|Any CPU.ActiveCfg = Debug|Any CPU
		{1A58EED1-13C5-4BF9-8440-D694586BC5E7}.Debug|Any CPU.Build.0 = Debug|Any CPU
		{1A58EED1-13C5-4BF9-8440-D694586BC5E7}.Debug|x64.ActiveCfg = Debug|Any CPU
		{1A58EED1-13C5-4BF9-8440-D694586BC5E7}.Debug|x64.Build.0 = Debug|Any CPU
		{1A58EED1-13C5-4BF9-8440-D694586BC5E7}.Release|Any CPU.ActiveCfg = Release|Any CPU
		{1A58EED1-13C5-4BF9-8440-D694586BC5E7}.Release|Any CPU.Build.0 = Release|Any CPU
		{1A58EED1-13C5-4BF9-8440-D694586BC5E7}.Release|x64.ActiveCfg = Release|Any CPU
		{1A58EED1-13C5-4BF9-8440-D694586BC5E7}.Release|x64.Build.0 = Release|Any CPU
		{834674D6-E94C-4457-AB73-8383501D95CA}.Debug|Any CPU.ActiveCfg = Debug|Any CPU
		{834674D6-E94C-4457-AB73-8383501D95CA}.Debug|Any CPU.Build.0 = Debug|Any CPU
		{834674D6-E94C-4457-AB73-8383501D95CA}.Debug|x64.ActiveCfg = Debug|Any CPU
		{834674D6-E94C-4457-AB73-8383501D95CA}.Debug|x64.Build.0 = Debug|Any CPU
		{834674D6-E94C-4457-AB73-8383501D95CA}.Release|Any CPU.ActiveCfg = Release|Any CPU
		{834674D6-E94C-4457-AB73-8383501D95CA}.Release|Any CPU.Build.0 = Release|Any CPU
		{834674D6-E94C-4457-AB73-8383501D95CA}.Release|x64.ActiveCfg = Release|Any CPU
		{834674D6-E94C-4457-AB73-8383501D95CA}.Release|x64.Build.0 = Release|Any CPU
		{52D1AF38-25CA-438E-B3BD-669DD8289DDB}.Debug|Any CPU.ActiveCfg = Debug|Any CPU
		{52D1AF38-25CA-438E-B3BD-669DD8289DDB}.Debug|Any CPU.Build.0 = Debug|Any CPU
		{52D1AF38-25CA-438E-B3BD-669DD8289DDB}.Debug|x64.ActiveCfg = Debug|Any CPU
		{52D1AF38-25CA-438E-B3BD-669DD8289DDB}.Debug|x64.Build.0 = Debug|Any CPU
		{52D1AF38-25CA-438E-B3BD-669DD8289DDB}.Release|Any CPU.ActiveCfg = Release|Any CPU
		{52D1AF38-25CA-438E-B3BD-669DD8289DDB}.Release|Any CPU.Build.0 = Release|Any CPU
		{52D1AF38-25CA-438E-B3BD-669DD8289DDB}.Release|x64.ActiveCfg = Release|Any CPU
		{52D1AF38-25CA-438E-B3BD-669DD8289DDB}.Release|x64.Build.0 = Release|Any CPU
		{3D40B3AA-455A-4E1C-A7D1-0F1DE7EB4E99}.Debug|Any CPU.ActiveCfg = Debug|Any CPU
		{3D40B3AA-455A-4E1C-A7D1-0F1DE7EB4E99}.Debug|Any CPU.Build.0 = Debug|Any CPU
		{3D40B3AA-455A-4E1C-A7D1-0F1DE7EB4E99}.Debug|x64.ActiveCfg = Debug|Any CPU
		{3D40B3AA-455A-4E1C-A7D1-0F1DE7EB4E99}.Debug|x64.Build.0 = Debug|Any CPU
		{3D40B3AA-455A-4E1C-A7D1-0F1DE7EB4E99}.Release|Any CPU.ActiveCfg = Release|Any CPU
		{3D40B3AA-455A-4E1C-A7D1-0F1DE7EB4E99}.Release|Any CPU.Build.0 = Release|Any CPU
		{3D40B3AA-455A-4E1C-A7D1-0F1DE7EB4E99}.Release|x64.ActiveCfg = Release|Any CPU
		{3D40B3AA-455A-4E1C-A7D1-0F1DE7EB4E99}.Release|x64.Build.0 = Release|Any CPU
		{E7194B68-1516-47A3-B6EA-C8924CD0866F}.Debug|Any CPU.ActiveCfg = Debug|Any CPU
		{E7194B68-1516-47A3-B6EA-C8924CD0866F}.Debug|Any CPU.Build.0 = Debug|Any CPU
		{E7194B68-1516-47A3-B6EA-C8924CD0866F}.Debug|x64.ActiveCfg = Debug|Any CPU
		{E7194B68-1516-47A3-B6EA-C8924CD0866F}.Debug|x64.Build.0 = Debug|Any CPU
		{E7194B68-1516-47A3-B6EA-C8924CD0866F}.Release|Any CPU.ActiveCfg = Release|Any CPU
		{E7194B68-1516-47A3-B6EA-C8924CD0866F}.Release|Any CPU.Build.0 = Release|Any CPU
		{E7194B68-1516-47A3-B6EA-C8924CD0866F}.Release|x64.ActiveCfg = Release|Any CPU
		{E7194B68-1516-47A3-B6EA-C8924CD0866F}.Release|x64.Build.0 = Release|Any CPU
		{6BE5DBF7-E27D-401D-ABFA-987D125CF2A6}.Debug|Any CPU.ActiveCfg = Debug|Any CPU
		{6BE5DBF7-E27D-401D-ABFA-987D125CF2A6}.Debug|Any CPU.Build.0 = Debug|Any CPU
		{6BE5DBF7-E27D-401D-ABFA-987D125CF2A6}.Debug|x64.ActiveCfg = Debug|Any CPU
		{6BE5DBF7-E27D-401D-ABFA-987D125CF2A6}.Debug|x64.Build.0 = Debug|Any CPU
		{6BE5DBF7-E27D-401D-ABFA-987D125CF2A6}.Release|Any CPU.ActiveCfg = Release|Any CPU
		{6BE5DBF7-E27D-401D-ABFA-987D125CF2A6}.Release|Any CPU.Build.0 = Release|Any CPU
		{6BE5DBF7-E27D-401D-ABFA-987D125CF2A6}.Release|x64.ActiveCfg = Release|Any CPU
		{6BE5DBF7-E27D-401D-ABFA-987D125CF2A6}.Release|x64.Build.0 = Release|Any CPU
		{42167FBD-270F-4600-872D-B3AEFB6F0F40}.Debug|Any CPU.ActiveCfg = Debug|Any CPU
		{42167FBD-270F-4600-872D-B3AEFB6F0F40}.Debug|Any CPU.Build.0 = Debug|Any CPU
		{42167FBD-270F-4600-872D-B3AEFB6F0F40}.Debug|x64.ActiveCfg = Debug|Any CPU
		{42167FBD-270F-4600-872D-B3AEFB6F0F40}.Debug|x64.Build.0 = Debug|Any CPU
		{42167FBD-270F-4600-872D-B3AEFB6F0F40}.Release|Any CPU.ActiveCfg = Release|Any CPU
		{42167FBD-270F-4600-872D-B3AEFB6F0F40}.Release|Any CPU.Build.0 = Release|Any CPU
		{42167FBD-270F-4600-872D-B3AEFB6F0F40}.Release|x64.ActiveCfg = Release|Any CPU
		{42167FBD-270F-4600-872D-B3AEFB6F0F40}.Release|x64.Build.0 = Release|Any CPU
		{E1B81365-CE42-47CD-820E-37EF4675A964}.Debug|Any CPU.ActiveCfg = Debug|Any CPU
		{E1B81365-CE42-47CD-820E-37EF4675A964}.Debug|Any CPU.Build.0 = Debug|Any CPU
		{E1B81365-CE42-47CD-820E-37EF4675A964}.Debug|x64.ActiveCfg = Debug|Any CPU
		{E1B81365-CE42-47CD-820E-37EF4675A964}.Debug|x64.Build.0 = Debug|Any CPU
		{E1B81365-CE42-47CD-820E-37EF4675A964}.Release|Any CPU.ActiveCfg = Release|Any CPU
		{E1B81365-CE42-47CD-820E-37EF4675A964}.Release|Any CPU.Build.0 = Release|Any CPU
		{E1B81365-CE42-47CD-820E-37EF4675A964}.Release|x64.ActiveCfg = Release|Any CPU
		{E1B81365-CE42-47CD-820E-37EF4675A964}.Release|x64.Build.0 = Release|Any CPU
		{F3D32CC5-46EC-44F6-AD79-2E8C47A12264}.Debug|Any CPU.ActiveCfg = Debug|Any CPU
		{F3D32CC5-46EC-44F6-AD79-2E8C47A12264}.Debug|Any CPU.Build.0 = Debug|Any CPU
		{F3D32CC5-46EC-44F6-AD79-2E8C47A12264}.Debug|x64.ActiveCfg = Debug|Any CPU
		{F3D32CC5-46EC-44F6-AD79-2E8C47A12264}.Debug|x64.Build.0 = Debug|Any CPU
		{F3D32CC5-46EC-44F6-AD79-2E8C47A12264}.Release|Any CPU.ActiveCfg = Release|Any CPU
		{F3D32CC5-46EC-44F6-AD79-2E8C47A12264}.Release|Any CPU.Build.0 = Release|Any CPU
		{F3D32CC5-46EC-44F6-AD79-2E8C47A12264}.Release|x64.ActiveCfg = Release|Any CPU
		{F3D32CC5-46EC-44F6-AD79-2E8C47A12264}.Release|x64.Build.0 = Release|Any CPU
		{43C4E0EC-E6C9-4CF3-9E30-4B44BE9F9ADC}.Debug|Any CPU.ActiveCfg = Debug|Any CPU
		{43C4E0EC-E6C9-4CF3-9E30-4B44BE9F9ADC}.Debug|Any CPU.Build.0 = Debug|Any CPU
		{43C4E0EC-E6C9-4CF3-9E30-4B44BE9F9ADC}.Debug|x64.ActiveCfg = Debug|Any CPU
		{43C4E0EC-E6C9-4CF3-9E30-4B44BE9F9ADC}.Debug|x64.Build.0 = Debug|Any CPU
		{43C4E0EC-E6C9-4CF3-9E30-4B44BE9F9ADC}.Release|Any CPU.ActiveCfg = Release|Any CPU
		{43C4E0EC-E6C9-4CF3-9E30-4B44BE9F9ADC}.Release|Any CPU.Build.0 = Release|Any CPU
		{43C4E0EC-E6C9-4CF3-9E30-4B44BE9F9ADC}.Release|x64.ActiveCfg = Release|Any CPU
		{43C4E0EC-E6C9-4CF3-9E30-4B44BE9F9ADC}.Release|x64.Build.0 = Release|Any CPU
		{ECF91D7B-049F-4F34-9C8F-09E490A94C0E}.Debug|Any CPU.ActiveCfg = Debug|Any CPU
		{ECF91D7B-049F-4F34-9C8F-09E490A94C0E}.Debug|Any CPU.Build.0 = Debug|Any CPU
		{ECF91D7B-049F-4F34-9C8F-09E490A94C0E}.Debug|x64.ActiveCfg = Debug|Any CPU
		{ECF91D7B-049F-4F34-9C8F-09E490A94C0E}.Debug|x64.Build.0 = Debug|Any CPU
		{ECF91D7B-049F-4F34-9C8F-09E490A94C0E}.Release|Any CPU.ActiveCfg = Release|Any CPU
		{ECF91D7B-049F-4F34-9C8F-09E490A94C0E}.Release|Any CPU.Build.0 = Release|Any CPU
		{ECF91D7B-049F-4F34-9C8F-09E490A94C0E}.Release|x64.ActiveCfg = Release|Any CPU
		{ECF91D7B-049F-4F34-9C8F-09E490A94C0E}.Release|x64.Build.0 = Release|Any CPU
		{4C6F91BA-C7DE-4A49-BCB6-5240776E3124}.Debug|Any CPU.ActiveCfg = Debug|Any CPU
		{4C6F91BA-C7DE-4A49-BCB6-5240776E3124}.Debug|Any CPU.Build.0 = Debug|Any CPU
		{4C6F91BA-C7DE-4A49-BCB6-5240776E3124}.Debug|x64.ActiveCfg = Debug|Any CPU
		{4C6F91BA-C7DE-4A49-BCB6-5240776E3124}.Debug|x64.Build.0 = Debug|Any CPU
		{4C6F91BA-C7DE-4A49-BCB6-5240776E3124}.Release|Any CPU.ActiveCfg = Release|Any CPU
		{4C6F91BA-C7DE-4A49-BCB6-5240776E3124}.Release|Any CPU.Build.0 = Release|Any CPU
		{4C6F91BA-C7DE-4A49-BCB6-5240776E3124}.Release|x64.ActiveCfg = Release|Any CPU
		{4C6F91BA-C7DE-4A49-BCB6-5240776E3124}.Release|x64.Build.0 = Release|Any CPU
		{D1F30B01-5ABD-4707-B39C-6141106167BF}.Debug|Any CPU.ActiveCfg = Debug|Any CPU
		{D1F30B01-5ABD-4707-B39C-6141106167BF}.Debug|Any CPU.Build.0 = Debug|Any CPU
		{D1F30B01-5ABD-4707-B39C-6141106167BF}.Debug|x64.ActiveCfg = Debug|Any CPU
		{D1F30B01-5ABD-4707-B39C-6141106167BF}.Debug|x64.Build.0 = Debug|Any CPU
		{D1F30B01-5ABD-4707-B39C-6141106167BF}.Release|Any CPU.ActiveCfg = Release|Any CPU
		{D1F30B01-5ABD-4707-B39C-6141106167BF}.Release|Any CPU.Build.0 = Release|Any CPU
		{D1F30B01-5ABD-4707-B39C-6141106167BF}.Release|x64.ActiveCfg = Release|Any CPU
		{D1F30B01-5ABD-4707-B39C-6141106167BF}.Release|x64.Build.0 = Release|Any CPU
		{B7E84C8E-319B-4702-BFB3-620CB99D90FB}.Debug|Any CPU.ActiveCfg = Debug|Any CPU
		{B7E84C8E-319B-4702-BFB3-620CB99D90FB}.Debug|Any CPU.Build.0 = Debug|Any CPU
		{B7E84C8E-319B-4702-BFB3-620CB99D90FB}.Debug|x64.ActiveCfg = Debug|Any CPU
		{B7E84C8E-319B-4702-BFB3-620CB99D90FB}.Debug|x64.Build.0 = Debug|Any CPU
		{B7E84C8E-319B-4702-BFB3-620CB99D90FB}.Release|Any CPU.ActiveCfg = Release|Any CPU
		{B7E84C8E-319B-4702-BFB3-620CB99D90FB}.Release|Any CPU.Build.0 = Release|Any CPU
		{B7E84C8E-319B-4702-BFB3-620CB99D90FB}.Release|x64.ActiveCfg = Release|Any CPU
		{B7E84C8E-319B-4702-BFB3-620CB99D90FB}.Release|x64.Build.0 = Release|Any CPU
		{3CC842F7-AC40-4F3E-8565-313A81982D49}.Debug|Any CPU.ActiveCfg = Debug|Any CPU
		{3CC842F7-AC40-4F3E-8565-313A81982D49}.Debug|Any CPU.Build.0 = Debug|Any CPU
		{3CC842F7-AC40-4F3E-8565-313A81982D49}.Debug|x64.ActiveCfg = Debug|Any CPU
		{3CC842F7-AC40-4F3E-8565-313A81982D49}.Debug|x64.Build.0 = Debug|Any CPU
		{3CC842F7-AC40-4F3E-8565-313A81982D49}.Release|Any CPU.ActiveCfg = Release|Any CPU
		{3CC842F7-AC40-4F3E-8565-313A81982D49}.Release|Any CPU.Build.0 = Release|Any CPU
		{3CC842F7-AC40-4F3E-8565-313A81982D49}.Release|x64.ActiveCfg = Release|Any CPU
		{3CC842F7-AC40-4F3E-8565-313A81982D49}.Release|x64.Build.0 = Release|Any CPU
		{D6A5BDF7-2CA8-4E72-A005-D60DDEA12FE5}.Debug|Any CPU.ActiveCfg = Debug|Any CPU
		{D6A5BDF7-2CA8-4E72-A005-D60DDEA12FE5}.Debug|Any CPU.Build.0 = Debug|Any CPU
		{D6A5BDF7-2CA8-4E72-A005-D60DDEA12FE5}.Debug|x64.ActiveCfg = Debug|x64
		{D6A5BDF7-2CA8-4E72-A005-D60DDEA12FE5}.Debug|x64.Build.0 = Debug|x64
		{D6A5BDF7-2CA8-4E72-A005-D60DDEA12FE5}.Release|Any CPU.ActiveCfg = Release|Any CPU
		{D6A5BDF7-2CA8-4E72-A005-D60DDEA12FE5}.Release|Any CPU.Build.0 = Release|Any CPU
		{D6A5BDF7-2CA8-4E72-A005-D60DDEA12FE5}.Release|x64.ActiveCfg = Release|x64
		{D6A5BDF7-2CA8-4E72-A005-D60DDEA12FE5}.Release|x64.Build.0 = Release|x64
		{F9B1A9C6-9821-4FEF-8CA1-8715A842A263}.Debug|Any CPU.ActiveCfg = Debug|Any CPU
		{F9B1A9C6-9821-4FEF-8CA1-8715A842A263}.Debug|Any CPU.Build.0 = Debug|Any CPU
		{F9B1A9C6-9821-4FEF-8CA1-8715A842A263}.Debug|x64.ActiveCfg = Debug|Any CPU
		{F9B1A9C6-9821-4FEF-8CA1-8715A842A263}.Debug|x64.Build.0 = Debug|Any CPU
		{F9B1A9C6-9821-4FEF-8CA1-8715A842A263}.Release|Any CPU.ActiveCfg = Release|Any CPU
		{F9B1A9C6-9821-4FEF-8CA1-8715A842A263}.Release|Any CPU.Build.0 = Release|Any CPU
		{F9B1A9C6-9821-4FEF-8CA1-8715A842A263}.Release|x64.ActiveCfg = Release|Any CPU
		{F9B1A9C6-9821-4FEF-8CA1-8715A842A263}.Release|x64.Build.0 = Release|Any CPU
		{87EDF1AF-6833-4BC5-AA54-4A2D2C2125B4}.Debug|Any CPU.ActiveCfg = Debug|Any CPU
		{87EDF1AF-6833-4BC5-AA54-4A2D2C2125B4}.Debug|Any CPU.Build.0 = Debug|Any CPU
		{87EDF1AF-6833-4BC5-AA54-4A2D2C2125B4}.Debug|x64.ActiveCfg = Debug|Any CPU
		{87EDF1AF-6833-4BC5-AA54-4A2D2C2125B4}.Debug|x64.Build.0 = Debug|Any CPU
		{87EDF1AF-6833-4BC5-AA54-4A2D2C2125B4}.Release|Any CPU.ActiveCfg = Release|Any CPU
		{87EDF1AF-6833-4BC5-AA54-4A2D2C2125B4}.Release|Any CPU.Build.0 = Release|Any CPU
		{87EDF1AF-6833-4BC5-AA54-4A2D2C2125B4}.Release|x64.ActiveCfg = Release|Any CPU
		{87EDF1AF-6833-4BC5-AA54-4A2D2C2125B4}.Release|x64.Build.0 = Release|Any CPU
		{EE119351-81FE-476B-909F-6024FF411EB1}.Debug|Any CPU.ActiveCfg = Debug|Any CPU
		{EE119351-81FE-476B-909F-6024FF411EB1}.Debug|Any CPU.Build.0 = Debug|Any CPU
		{EE119351-81FE-476B-909F-6024FF411EB1}.Debug|x64.ActiveCfg = Debug|Any CPU
		{EE119351-81FE-476B-909F-6024FF411EB1}.Debug|x64.Build.0 = Debug|Any CPU
		{EE119351-81FE-476B-909F-6024FF411EB1}.Release|Any CPU.ActiveCfg = Release|Any CPU
		{EE119351-81FE-476B-909F-6024FF411EB1}.Release|Any CPU.Build.0 = Release|Any CPU
		{EE119351-81FE-476B-909F-6024FF411EB1}.Release|x64.ActiveCfg = Release|Any CPU
		{EE119351-81FE-476B-909F-6024FF411EB1}.Release|x64.Build.0 = Release|Any CPU
		{6BDEA0DC-A808-4E97-9CE7-8ADB907D9111}.Debug|Any CPU.ActiveCfg = Debug|Any CPU
		{6BDEA0DC-A808-4E97-9CE7-8ADB907D9111}.Debug|Any CPU.Build.0 = Debug|Any CPU
		{6BDEA0DC-A808-4E97-9CE7-8ADB907D9111}.Debug|x64.ActiveCfg = Debug|Any CPU
		{6BDEA0DC-A808-4E97-9CE7-8ADB907D9111}.Debug|x64.Build.0 = Debug|Any CPU
		{6BDEA0DC-A808-4E97-9CE7-8ADB907D9111}.Release|Any CPU.ActiveCfg = Release|Any CPU
		{6BDEA0DC-A808-4E97-9CE7-8ADB907D9111}.Release|Any CPU.Build.0 = Release|Any CPU
		{6BDEA0DC-A808-4E97-9CE7-8ADB907D9111}.Release|x64.ActiveCfg = Release|Any CPU
		{6BDEA0DC-A808-4E97-9CE7-8ADB907D9111}.Release|x64.Build.0 = Release|Any CPU
		{2CD840BB-61DF-4AAC-88CA-9ADE3889721B}.Debug|Any CPU.ActiveCfg = Debug|Any CPU
		{2CD840BB-61DF-4AAC-88CA-9ADE3889721B}.Debug|Any CPU.Build.0 = Debug|Any CPU
		{2CD840BB-61DF-4AAC-88CA-9ADE3889721B}.Debug|x64.ActiveCfg = Debug|Any CPU
		{2CD840BB-61DF-4AAC-88CA-9ADE3889721B}.Debug|x64.Build.0 = Debug|Any CPU
		{2CD840BB-61DF-4AAC-88CA-9ADE3889721B}.Release|Any CPU.ActiveCfg = Release|Any CPU
		{2CD840BB-61DF-4AAC-88CA-9ADE3889721B}.Release|Any CPU.Build.0 = Release|Any CPU
		{2CD840BB-61DF-4AAC-88CA-9ADE3889721B}.Release|x64.ActiveCfg = Release|Any CPU
		{2CD840BB-61DF-4AAC-88CA-9ADE3889721B}.Release|x64.Build.0 = Release|Any CPU
	EndGlobalSection
	GlobalSection(SolutionProperties) = preSolution
		HideSolutionNode = FALSE
	EndGlobalSection
	GlobalSection(ExtensibilityGlobals) = postSolution
		SolutionGuid = {36E34E2D-9E00-4CD7-9154-44CFD984E0F9}
	EndGlobalSection
EndGlobal
